{
  "projects": [
    {
      "projectId": "2kD2XthGtXKCG8U42Tcha7",
      "version": "latest",
      "dependencies": {
        "28Ba3BDvRe7EiWdfFNnLB6": "2.13.0"
      },
      "lang": "ts",
      "fileLocks": [
        {
          "type": "globalVariant",
          "assetId": "m0S0NKgfUxNfe",
          "checksum": "fa487e6ecaaa66394a5c21d4cb11470f"
        },
        {
          "type": "renderModule",
          "assetId": "-aplkpCpKqjT",
          "checksum": "62703ef0a16b51f706e727c4deb8b832"
        },
        {
          "type": "cssRules",
          "assetId": "-aplkpCpKqjT",
          "checksum": "62703ef0a16b51f706e727c4deb8b832"
        },
        {
          "type": "renderModule",
          "assetId": "RFL4aeFfPU",
          "checksum": "3dacdaca9c93a5bc8e68258cd66dad88"
        },
        {
          "type": "cssRules",
          "assetId": "RFL4aeFfPU",
          "checksum": "3dacdaca9c93a5bc8e68258cd66dad88"
        },
        {
          "type": "renderModule",
          "assetId": "WtPaT5ym56",
          "checksum": "0a8e2cb0b87372a0f2caa3c3b0ebdd22"
        },
        {
          "type": "cssRules",
          "assetId": "WtPaT5ym56",
          "checksum": "0a8e2cb0b87372a0f2caa3c3b0ebdd22"
        },
        {
          "type": "renderModule",
          "assetId": "vnBlyrKYZiC",
          "checksum": "0dd87c547119b8dc6b3f7adb42cc3e9f"
        },
        {
          "type": "cssRules",
          "assetId": "vnBlyrKYZiC",
          "checksum": "0dd87c547119b8dc6b3f7adb42cc3e9f"
        },
        {
          "type": "renderModule",
          "assetId": "aUt5hf66GP",
          "checksum": "8e6d7ab27f57abfde105b702e68e6604"
        },
        {
          "type": "cssRules",
          "assetId": "aUt5hf66GP",
          "checksum": "8e6d7ab27f57abfde105b702e68e6604"
        },
        {
          "assetId": "2kD2XthGtXKCG8U42Tcha7",
          "type": "projectCss",
          "checksum": "eb1e7381a9488b2b7ba3937657330581"
        },
        {
          "type": "icon",
          "assetId": "UKPUMOhTY",
          "checksum": "2a570f01c0cabd36bb0cc205eb2ac150"
        },
        {
          "type": "icon",
          "assetId": "iLE7iNdkM",
          "checksum": "0b0c5d57579e6113df3b7d7520e01176"
        },
        {
          "type": "image",
          "assetId": "uS315bzmoH",
          "checksum": "ff75af237a9d5ff707509bf11cfadd21"
        },
        {
          "type": "image",
          "assetId": "sTcqbybefn",
          "checksum": "52283d1a5d311da917dbb590a94b131a"
        },
        {
          "type": "image",
          "assetId": "VSX8haG748",
          "checksum": "81b7351ea878263f5b66c7f761e9fad6"
        },
        {
          "type": "image",
          "assetId": "BsHKxIeg2B",
          "checksum": "fe51b9b18f8e01efefeaca6cb6aebe35"
        }
      ],
      "codegenVersion": "0.0.1"
    },
    {
      "projectId": "28Ba3BDvRe7EiWdfFNnLB6",
      "version": "2.13.0",
      "dependencies": {},
      "lang": "ts",
      "fileLocks": [
        {
          "assetId": "28Ba3BDvRe7EiWdfFNnLB6",
          "type": "projectCss",
          "checksum": "a1f5ba12fa0c91cb7921873e485c08d2"
        }
      ],
      "codegenVersion": "0.0.1"
    }
  ],
  "cliVersion": "0.1.202"
}
