{
  "projects": [
    {
      "projectId": "2kD2XthGtXKCG8U42Tcha7",
      "version": "latest",
      "dependencies": {
        "28Ba3BDvRe7EiWdfFNnLB6": "2.13.0"
      },
      "lang": "ts",
      "fileLocks": [
        {
          "type": "globalVariant",
          "assetId": "m0S0NKgfUxNfe",
          "checksum": "fa487e6ecaaa66394a5c21d4cb11470f"
        },
        {
          "type": "renderModule",
          "assetId": "-aplkpCpKqjT",
          "checksum": "047b24be81dc2349daa924b63d890511"
        },
        {
          "type": "cssRules",
          "assetId": "-aplkpCpKqjT",
          "checksum": "047b24be81dc2349daa924b63d890511"
        },
        {
          "type": "renderModule",
          "assetId": "RFL4aeFfPU",
          "checksum": "3dacdaca9c93a5bc8e68258cd66dad88"
        },
        {
          "type": "cssRules",
          "assetId": "RFL4aeFfPU",
          "checksum": "3dacdaca9c93a5bc8e68258cd66dad88"
        },
        {
          "type": "renderModule",
          "assetId": "WtPaT5ym56",
          "checksum": "0a8e2cb0b87372a0f2caa3c3b0ebdd22"
        },
        {
          "type": "cssRules",
          "assetId": "WtPaT5ym56",
          "checksum": "0a8e2cb0b87372a0f2caa3c3b0ebdd22"
        },
        {
          "type": "renderModule",
          "assetId": "vnBlyrKYZiC",
          "checksum": "0dd87c547119b8dc6b3f7adb42cc3e9f"
        },
        {
          "type": "cssRules",
          "assetId": "vnBlyrKYZiC",
          "checksum": "0dd87c547119b8dc6b3f7adb42cc3e9f"
        },
        {
          "type": "renderModule",
          "assetId": "aUt5hf66GP",
          "checksum": "8e6d7ab27f57abfde105b702e68e6604"
        },
        {
          "type": "cssRules",
          "assetId": "aUt5hf66GP",
          "checksum": "8e6d7ab27f57abfde105b702e68e6604"
        },
        {
          "assetId": "2kD2XthGtXKCG8U42Tcha7",
          "type": "projectCss",
          "checksum": "eb1e7381a9488b2b7ba3937657330581"
        }
      ],
      "codegenVersion": "0.0.1"
    },
    {
      "projectId": "28Ba3BDvRe7EiWdfFNnLB6",
      "version": "2.13.0",
      "dependencies": {},
      "lang": "ts",
      "fileLocks": [
        {
          "assetId": "28Ba3BDvRe7EiWdfFNnLB6",
          "type": "projectCss",
          "checksum": "a1f5ba12fa0c91cb7921873e485c08d2"
        }
      ],
      "codegenVersion": "0.0.1"
    }
  ],
  "cliVersion": "0.1.202"
}
